
Microsoft Visual Studio Solution File, Format Version 12.00
# Visual Studio 14
VisualStudioVersion = 14.0.22823.1
MinimumVisualStudioVersion = 10.0.40219.1
Project("{FAE04EC0-301F-11D3-BF4B-00C04F79EFBC}") = "Akka.Monitoring", "src\Akka.Monitoring\Akka.Monitoring.csproj", "{34AACFDC-6EEF-4A03-B510-B6B50C1646AB}"
EndProject
Project("{2150E333-8FDC-42A3-9474-1A3956D46DE8}") = ".nuget", ".nuget", "{DE243DF9-3ECE-49D8-88CA-B43509112C78}"
	ProjectSection(SolutionItems) = preProject
		.nuget\NuGet.Config = .nuget\NuGet.Config
		.nuget\NuGet.exe = .nuget\NuGet.exe
		.nuget\NuGet.targets = .nuget\NuGet.targets
	EndProjectSection
EndProject
Project("{2150E333-8FDC-42A3-9474-1A3956D46DE8}") = "Clients", "Clients", "{78A6ADD3-D924-4872-979B-C3161A97F491}"
EndProject
Project("{FAE04EC0-301F-11D3-BF4B-00C04F79EFBC}") = "Akka.Monitoring.StatsD", "src\Akka.Monitoring.StatsD\Akka.Monitoring.StatsD.csproj", "{E1F18844-8C93-4661-BBBD-9257584DAECC}"
EndProject
Project("{FAE04EC0-301F-11D3-BF4B-00C04F79EFBC}") = "Akka.Monitoring.StatsD.Demo", "src\Akka.Monitoring.StatsD.Demo\Akka.Monitoring.StatsD.Demo.csproj", "{9AA04DC5-796E-4645-B65C-4271DDFD9098}"
EndProject
Project("{2150E333-8FDC-42A3-9474-1A3956D46DE8}") = "Solution Items", "Solution Items", "{35EFD718-7428-468A-959B-8A12F9AB3DAA}"
	ProjectSection(SolutionItems) = preProject
		build.fsx = build.fsx
	EndProjectSection
EndProject
Project("{FAE04EC0-301F-11D3-BF4B-00C04F79EFBC}") = "Akka.Monitoring.ApplicationInsights", "src\Akka.Monitoring.ApplicationInsights\Akka.Monitoring.ApplicationInsights.csproj", "{E2933E70-D188-49AF-A48B-22CF96A7CD00}"
EndProject
Project("{FAE04EC0-301F-11D3-BF4B-00C04F79EFBC}") = "Akka.Monitoring.ApplicationInsights.Demo", "src\Akka.Monitoring.ApplicationInsights.Demo\Akka.Monitoring.ApplicationInsights.Demo.csproj", "{40796FA1-09AA-4527-B983-2F047B01DF8E}"
EndProject
Project("{FAE04EC0-301F-11D3-BF4B-00C04F79EFBC}") = "Akka.Monitoring.PerformanceCounters", "src\Akka.Monitoring.PerformanceCounters\Akka.Monitoring.PerformanceCounters.csproj", "{D73890EF-D9CF-483E-BF7F-07C066621331}"
EndProject
Project("{FAE04EC0-301F-11D3-BF4B-00C04F79EFBC}") = "Akka.Monitoring.PerformanceCounters.Demo", "src\Akka.Monitoring.PerformanceCounters.Demo\Akka.Monitoring.PerformanceCounters.Demo.csproj", "{21AD2A03-C07A-4651-9CF7-2AA6FDD22FC0}"
EndProject
Global
	GlobalSection(SolutionConfigurationPlatforms) = preSolution
		Debug|Any CPU = Debug|Any CPU
		Release|Any CPU = Release|Any CPU
	EndGlobalSection
	GlobalSection(ProjectConfigurationPlatforms) = postSolution
		{34AACFDC-6EEF-4A03-B510-B6B50C1646AB}.Debug|Any CPU.ActiveCfg = Debug|Any CPU
		{34AACFDC-6EEF-4A03-B510-B6B50C1646AB}.Debug|Any CPU.Build.0 = Debug|Any CPU
		{34AACFDC-6EEF-4A03-B510-B6B50C1646AB}.Release|Any CPU.ActiveCfg = Release|Any CPU
		{34AACFDC-6EEF-4A03-B510-B6B50C1646AB}.Release|Any CPU.Build.0 = Release|Any CPU
		{E1F18844-8C93-4661-BBBD-9257584DAECC}.Debug|Any CPU.ActiveCfg = Debug|Any CPU
		{E1F18844-8C93-4661-BBBD-9257584DAECC}.Debug|Any CPU.Build.0 = Debug|Any CPU
		{E1F18844-8C93-4661-BBBD-9257584DAECC}.Release|Any CPU.ActiveCfg = Release|Any CPU
		{E1F18844-8C93-4661-BBBD-9257584DAECC}.Release|Any CPU.Build.0 = Release|Any CPU
		{9AA04DC5-796E-4645-B65C-4271DDFD9098}.Debug|Any CPU.ActiveCfg = Debug|Any CPU
		{9AA04DC5-796E-4645-B65C-4271DDFD9098}.Debug|Any CPU.Build.0 = Debug|Any CPU
		{9AA04DC5-796E-4645-B65C-4271DDFD9098}.Release|Any CPU.ActiveCfg = Release|Any CPU
		{9AA04DC5-796E-4645-B65C-4271DDFD9098}.Release|Any CPU.Build.0 = Release|Any CPU
		{E2933E70-D188-49AF-A48B-22CF96A7CD00}.Debug|Any CPU.ActiveCfg = Debug|Any CPU
		{E2933E70-D188-49AF-A48B-22CF96A7CD00}.Debug|Any CPU.Build.0 = Debug|Any CPU
		{E2933E70-D188-49AF-A48B-22CF96A7CD00}.Release|Any CPU.ActiveCfg = Release|Any CPU
		{E2933E70-D188-49AF-A48B-22CF96A7CD00}.Release|Any CPU.Build.0 = Release|Any CPU
		{40796FA1-09AA-4527-B983-2F047B01DF8E}.Debug|Any CPU.ActiveCfg = Debug|Any CPU
		{40796FA1-09AA-4527-B983-2F047B01DF8E}.Debug|Any CPU.Build.0 = Debug|Any CPU
		{40796FA1-09AA-4527-B983-2F047B01DF8E}.Release|Any CPU.ActiveCfg = Release|Any CPU
		{40796FA1-09AA-4527-B983-2F047B01DF8E}.Release|Any CPU.Build.0 = Release|Any CPU
		{D73890EF-D9CF-483E-BF7F-07C066621331}.Debug|Any CPU.ActiveCfg = Debug|Any CPU
		{D73890EF-D9CF-483E-BF7F-07C066621331}.Debug|Any CPU.Build.0 = Debug|Any CPU
		{D73890EF-D9CF-483E-BF7F-07C066621331}.Release|Any CPU.ActiveCfg = Release|Any CPU
		{D73890EF-D9CF-483E-BF7F-07C066621331}.Release|Any CPU.Build.0 = Release|Any CPU
		{21AD2A03-C07A-4651-9CF7-2AA6FDD22FC0}.Debug|Any CPU.ActiveCfg = Debug|Any CPU
		{21AD2A03-C07A-4651-9CF7-2AA6FDD22FC0}.Debug|Any CPU.Build.0 = Debug|Any CPU
		{21AD2A03-C07A-4651-9CF7-2AA6FDD22FC0}.Release|Any CPU.ActiveCfg = Release|Any CPU
		{21AD2A03-C07A-4651-9CF7-2AA6FDD22FC0}.Release|Any CPU.Build.0 = Release|Any CPU
	EndGlobalSection
	GlobalSection(SolutionProperties) = preSolution
		HideSolutionNode = FALSE
	EndGlobalSection
	GlobalSection(NestedProjects) = preSolution
		{E1F18844-8C93-4661-BBBD-9257584DAECC} = {78A6ADD3-D924-4872-979B-C3161A97F491}
		{9AA04DC5-796E-4645-B65C-4271DDFD9098} = {78A6ADD3-D924-4872-979B-C3161A97F491}
		{E2933E70-D188-49AF-A48B-22CF96A7CD00} = {78A6ADD3-D924-4872-979B-C3161A97F491}
		{40796FA1-09AA-4527-B983-2F047B01DF8E} = {78A6ADD3-D924-4872-979B-C3161A97F491}
		{D73890EF-D9CF-483E-BF7F-07C066621331} = {78A6ADD3-D924-4872-979B-C3161A97F491}
		{21AD2A03-C07A-4651-9CF7-2AA6FDD22FC0} = {78A6ADD3-D924-4872-979B-C3161A97F491}
	EndGlobalSection
EndGlobal
